
Microsoft Visual Studio Solution File, Format Version 12.00
# Visual Studio 14
VisualStudioVersion = 14.0.24720.0
MinimumVisualStudioVersion = 10.0.40219.1
Project("{2150E333-8FDC-42A3-9474-1A3956D46DE8}") = "Tests", "Tests", "{F138351F-EDDA-4AFC-86DD-976B72937A3C}"
EndProject
Project("{FAE04EC0-301F-11D3-BF4B-00C04F79EFBC}") = "Stripe.Client.Sdk", "Stripe.Client.Sdk\Stripe.Client.Sdk.csproj", "{E48E9AC1-3A88-406B-82FF-166B1E3C7A48}"
EndProject
Project("{FAE04EC0-301F-11D3-BF4B-00C04F79EFBC}") = "Stripe.Client.Sdk.Tests", "Stripe.Client.Sdk.Tests\Stripe.Client.Sdk.Tests.csproj", "{54DB0C12-F32F-4F2E-9E33-41EA33A7D35D}"
EndProject
Project("{FAE04EC0-301F-11D3-BF4B-00C04F79EFBC}") = "Stripe.Client.Autofac", "Stripe.Client.Autofac\Stripe.Client.Autofac.csproj", "{A4206B9B-C796-45D4-9A7F-6C89D02F5FF7}"
EndProject
Project("{FAE04EC0-301F-11D3-BF4B-00C04F79EFBC}") = "Stripe.Client.Autofac.Tests", "Stripe.Client.Autofac.Tests\Stripe.Client.Autofac.Tests.csproj", "{FC0C8DF6-32D2-4008-B11A-F26FA6EC1144}"
EndProject
Global
	GlobalSection(SolutionConfigurationPlatforms) = preSolution
		Debug|Any CPU = Debug|Any CPU
		Release|Any CPU = Release|Any CPU
	EndGlobalSection
	GlobalSection(ProjectConfigurationPlatforms) = postSolution
		{E48E9AC1-3A88-406B-82FF-166B1E3C7A48}.Debug|Any CPU.ActiveCfg = Debug|Any CPU
		{E48E9AC1-3A88-406B-82FF-166B1E3C7A48}.Debug|Any CPU.Build.0 = Debug|Any CPU
		{E48E9AC1-3A88-406B-82FF-166B1E3C7A48}.Release|Any CPU.ActiveCfg = Release|Any CPU
		{E48E9AC1-3A88-406B-82FF-166B1E3C7A48}.Release|Any CPU.Build.0 = Release|Any CPU
		{54DB0C12-F32F-4F2E-9E33-41EA33A7D35D}.Debug|Any CPU.ActiveCfg = Debug|Any CPU
		{54DB0C12-F32F-4F2E-9E33-41EA33A7D35D}.Debug|Any CPU.Build.0 = Debug|Any CPU
		{54DB0C12-F32F-4F2E-9E33-41EA33A7D35D}.Release|Any CPU.ActiveCfg = Release|Any CPU
		{54DB0C12-F32F-4F2E-9E33-41EA33A7D35D}.Release|Any CPU.Build.0 = Release|Any CPU
		{A4206B9B-C796-45D4-9A7F-6C89D02F5FF7}.Debug|Any CPU.ActiveCfg = Debug|Any CPU
		{A4206B9B-C796-45D4-9A7F-6C89D02F5FF7}.Debug|Any CPU.Build.0 = Debug|Any CPU
		{A4206B9B-C796-45D4-9A7F-6C89D02F5FF7}.Release|Any CPU.ActiveCfg = Release|Any CPU
		{A4206B9B-C796-45D4-9A7F-6C89D02F5FF7}.Release|Any CPU.Build.0 = Release|Any CPU
		{FC0C8DF6-32D2-4008-B11A-F26FA6EC1144}.Debug|Any CPU.ActiveCfg = Debug|Any CPU
		{FC0C8DF6-32D2-4008-B11A-F26FA6EC1144}.Debug|Any CPU.Build.0 = Debug|Any CPU
		{FC0C8DF6-32D2-4008-B11A-F26FA6EC1144}.Release|Any CPU.ActiveCfg = Release|Any CPU
		{FC0C8DF6-32D2-4008-B11A-F26FA6EC1144}.Release|Any CPU.Build.0 = Release|Any CPU
	EndGlobalSection
	GlobalSection(SolutionProperties) = preSolution
		HideSolutionNode = FALSE
	EndGlobalSection
	GlobalSection(NestedProjects) = preSolution
		{54DB0C12-F32F-4F2E-9E33-41EA33A7D35D} = {F138351F-EDDA-4AFC-86DD-976B72937A3C}
		{FC0C8DF6-32D2-4008-B11A-F26FA6EC1144} = {F138351F-EDDA-4AFC-86DD-976B72937A3C}
	EndGlobalSection
EndGlobal
